
Microsoft Visual Studio Solution File, Format Version 12.00
# Visual Studio 2012
Project("{FAE04EC0-301F-11D3-BF4B-00C04F79EFBC}") = "KO_ModelBuilder", "KO_ModelBuilder\KO_ModelBuilder.csproj", "{BD6AD78D-44B1-4385-AA6E-2785B15B7723}"
EndProject
Project("{FAE04EC0-301F-11D3-BF4B-00C04F79EFBC}") = "DemoTest", "DemoTest\DemoTest.csproj", "{39938DCB-98E2-4014-AC34-1AC24504C3D7}"
EndProject
Global
	GlobalSection(SolutionConfigurationPlatforms) = preSolution
		Debug|Any CPU = Debug|Any CPU
		Release|Any CPU = Release|Any CPU
	EndGlobalSection
	GlobalSection(ProjectConfigurationPlatforms) = postSolution
		{BD6AD78D-44B1-4385-AA6E-2785B15B7723}.Debug|Any CPU.ActiveCfg = Debug|Any CPU
		{BD6AD78D-44B1-4385-AA6E-2785B15B7723}.Debug|Any CPU.Build.0 = Debug|Any CPU
		{BD6AD78D-44B1-4385-AA6E-2785B15B7723}.Release|Any CPU.ActiveCfg = Release|Any CPU
		{BD6AD78D-44B1-4385-AA6E-2785B15B7723}.Release|Any CPU.Build.0 = Release|Any CPU
		{39938DCB-98E2-4014-AC34-1AC24504C3D7}.Debug|Any CPU.ActiveCfg = Debug|Any CPU
		{39938DCB-98E2-4014-AC34-1AC24504C3D7}.Debug|Any CPU.Build.0 = Debug|Any CPU
		{39938DCB-98E2-4014-AC34-1AC24504C3D7}.Release|Any CPU.ActiveCfg = Release|Any CPU
		{39938DCB-98E2-4014-AC34-1AC24504C3D7}.Release|Any CPU.Build.0 = Release|Any CPU
	EndGlobalSection
	GlobalSection(SolutionProperties) = preSolution
		HideSolutionNode = FALSE
	EndGlobalSection
EndGlobal
